{
  "version": 4,
  "terraform_version": "1.9.7",
  "serial": 8,
  "lineage": "31c720b5-2642-09f1-4bf9-721101dc98b1",
  "outputs": {},
  "resources": [
    {
      "mode": "managed",
      "type": "google_compute_network",
      "name": "custom-vpc",
      "provider": "provider[\"registry.terraform.io/hashicorp/google\"]",
      "instances": [
        {
          "schema_version": 0,
          "attributes": {
            "auto_create_subnetworks": false,
            "delete_default_routes_on_create": false,
            "description": "Custom VPC",
            "enable_ula_internal_ipv6": false,
            "gateway_ipv4": "",
            "id": "projects/testing-one-437506/global/networks/custom-vpc",
            "internal_ipv6_range": "",
            "mtu": 1460,
            "name": "custom-vpc",
            "project": "testing-one-437506",
            "routing_mode": "GLOBAL",
            "self_link": "https://www.googleapis.com/compute/v1/projects/testing-one-437506/global/networks/custom-vpc",
            "timeouts": null
          },
          "sensitive_attributes": [],
          "private": "eyJlMmJmYjczMC1lY2FhLTExZTYtOGY4OC0zNDM2M2JjN2M0YzAiOnsiY3JlYXRlIjoxMjAwMDAwMDAwMDAwLCJkZWxldGUiOjEyMDAwMDAwMDAwMDAsInVwZGF0ZSI6MTIwMDAwMDAwMDAwMH19"
        }
      ]
    },
    {
      "mode": "managed",
      "type": "google_compute_subnetwork",
      "name": "subnet1",
      "provider": "provider[\"registry.terraform.io/hashicorp/google\"]",
      "instances": [
        {
          "schema_version": 0,
          "attributes": {
            "creation_timestamp": "2024-10-07T21:54:58.999-07:00",
            "description": "",
            "external_ipv6_prefix": "",
            "fingerprint": null,
            "gateway_address": "10.0.1.1",
            "id": "projects/testing-one-437506/regions/asia-south1/subnetworks/subnet1",
            "ip_cidr_range": "10.0.1.0/24",
            "ipv6_access_type": "",
            "ipv6_cidr_range": "",
            "log_config": [],
            "name": "subnet1",
            "network": "https://www.googleapis.com/compute/v1/projects/testing-one-437506/global/networks/custom-vpc",
            "private_ip_google_access": false,
            "private_ipv6_google_access": "DISABLE_GOOGLE_ACCESS",
            "project": "testing-one-437506",
            "purpose": "PRIVATE",
            "region": "asia-south1",
            "role": "",
            "secondary_ip_range": [],
            "self_link": "https://www.googleapis.com/compute/v1/projects/testing-one-437506/regions/asia-south1/subnetworks/subnet1",
            "stack_type": "IPV4_ONLY",
            "timeouts": null
          },
          "sensitive_attributes": [],
          "private": "eyJlMmJmYjczMC1lY2FhLTExZTYtOGY4OC0zNDM2M2JjN2M0YzAiOnsiY3JlYXRlIjoxMjAwMDAwMDAwMDAwLCJkZWxldGUiOjEyMDAwMDAwMDAwMDAsInVwZGF0ZSI6MTIwMDAwMDAwMDAwMH19",
          "dependencies": [
            "google_compute_network.custom-vpc"
          ]
        }
      ]
    },
    {
      "mode": "managed",
      "type": "google_compute_subnetwork",
      "name": "subnet2",
      "provider": "provider[\"registry.terraform.io/hashicorp/google\"]",
      "instances": [
        {
          "schema_version": 0,
          "attributes": {
            "creation_timestamp": "2024-10-07T21:54:58.151-07:00",
            "description": "",
            "external_ipv6_prefix": "",
            "fingerprint": null,
            "gateway_address": "10.0.2.1",
            "id": "projects/testing-one-437506/regions/asia-south2/subnetworks/subnet2",
            "ip_cidr_range": "10.0.2.0/24",
            "ipv6_access_type": "",
            "ipv6_cidr_range": "",
            "log_config": [],
            "name": "subnet2",
            "network": "https://www.googleapis.com/compute/v1/projects/testing-one-437506/global/networks/custom-vpc",
            "private_ip_google_access": false,
            "private_ipv6_google_access": "DISABLE_GOOGLE_ACCESS",
            "project": "testing-one-437506",
            "purpose": "PRIVATE",
            "region": "asia-south2",
            "role": "",
            "secondary_ip_range": [],
            "self_link": "https://www.googleapis.com/compute/v1/projects/testing-one-437506/regions/asia-south2/subnetworks/subnet2",
            "stack_type": "IPV4_ONLY",
            "timeouts": null
          },
          "sensitive_attributes": [],
          "private": "eyJlMmJmYjczMC1lY2FhLTExZTYtOGY4OC0zNDM2M2JjN2M0YzAiOnsiY3JlYXRlIjoxMjAwMDAwMDAwMDAwLCJkZWxldGUiOjEyMDAwMDAwMDAwMDAsInVwZGF0ZSI6MTIwMDAwMDAwMDAwMH19",
          "dependencies": [
            "google_compute_network.custom-vpc"
          ]
        }
      ]
    }
  ],
  "check_results": null
}
